
Microsoft Visual Studio Solution File, Format Version 12.00
# Visual Studio 15
VisualStudioVersion = 15.0.26430.14
MinimumVisualStudioVersion = 10.0.40219.1
Project("{F2A71F9B-5D33-465A-A702-920D77279786}") = "BinaryTree", "BinaryTree\BinaryTree.fsproj", "{F01C4B7E-0DD6-432C-8C05-C869B1EB45A9}"
EndProject
Project("{F2A71F9B-5D33-465A-A702-920D77279786}") = "BinaryTreeTests", "BinaryTreeTests\BinaryTreeTests.fsproj", "{C3AF467E-86B9-4117-AB96-A99BD3016EC7}"
EndProject
Global
	GlobalSection(SolutionConfigurationPlatforms) = preSolution
		Debug|Any CPU = Debug|Any CPU
		Release|Any CPU = Release|Any CPU
	EndGlobalSection
	GlobalSection(ProjectConfigurationPlatforms) = postSolution
		{F01C4B7E-0DD6-432C-8C05-C869B1EB45A9}.Debug|Any CPU.ActiveCfg = Debug|Any CPU
		{F01C4B7E-0DD6-432C-8C05-C869B1EB45A9}.Debug|Any CPU.Build.0 = Debug|Any CPU
		{F01C4B7E-0DD6-432C-8C05-C869B1EB45A9}.Release|Any CPU.ActiveCfg = Release|Any CPU
		{F01C4B7E-0DD6-432C-8C05-C869B1EB45A9}.Release|Any CPU.Build.0 = Release|Any CPU
		{C3AF467E-86B9-4117-AB96-A99BD3016EC7}.Debug|Any CPU.ActiveCfg = Debug|Any CPU
		{C3AF467E-86B9-4117-AB96-A99BD3016EC7}.Debug|Any CPU.Build.0 = Debug|Any CPU
		{C3AF467E-86B9-4117-AB96-A99BD3016EC7}.Release|Any CPU.ActiveCfg = Release|Any CPU
		{C3AF467E-86B9-4117-AB96-A99BD3016EC7}.Release|Any CPU.Build.0 = Release|Any CPU
	EndGlobalSection
	GlobalSection(SolutionProperties) = preSolution
		HideSolutionNode = FALSE
	EndGlobalSection
EndGlobal
